
Microsoft Visual Studio Solution File, Format Version 12.00
# Visual Studio Version 17
VisualStudioVersion = 17.13.35825.156 d17.13
MinimumVisualStudioVersion = 10.0.40219.1
Project("{FAE04EC0-301F-11D3-BF4B-00C04F79EFBC}") = "MakeOrderWebApp", "MakeOrderWebApp\MakeOrderWebApp.csproj", "{17C0100D-A326-4589-9EF9-81A06A1EB470}"
	ProjectSection(ProjectDependencies) = postProject
		{99AF672A-70AE-49E0-8F1B-0E4EA0BBFC5E} = {99AF672A-70AE-49E0-8F1B-0E4EA0BBFC5E}
	EndProjectSection
EndProject
Project("{FAE04EC0-301F-11D3-BF4B-00C04F79EFBC}") = "MakeOrder.Db", "MakeOrder.Db\MakeOrder.Db.csproj", "{99AF672A-70AE-49E0-8F1B-0E4EA0BBFC5E}"
EndProject
Global
	GlobalSection(SolutionConfigurationPlatforms) = preSolution
		Debug|Any CPU = Debug|Any CPU
		Release|Any CPU = Release|Any CPU
	EndGlobalSection
	GlobalSection(ProjectConfigurationPlatforms) = postSolution
		{17C0100D-A326-4589-9EF9-81A06A1EB470}.Debug|Any CPU.ActiveCfg = Debug|Any CPU
		{17C0100D-A326-4589-9EF9-81A06A1EB470}.Debug|Any CPU.Build.0 = Debug|Any CPU
		{17C0100D-A326-4589-9EF9-81A06A1EB470}.Release|Any CPU.ActiveCfg = Release|Any CPU
		{17C0100D-A326-4589-9EF9-81A06A1EB470}.Release|Any CPU.Build.0 = Release|Any CPU
		{99AF672A-70AE-49E0-8F1B-0E4EA0BBFC5E}.Debug|Any CPU.ActiveCfg = Debug|Any CPU
		{99AF672A-70AE-49E0-8F1B-0E4EA0BBFC5E}.Debug|Any CPU.Build.0 = Debug|Any CPU
		{99AF672A-70AE-49E0-8F1B-0E4EA0BBFC5E}.Release|Any CPU.ActiveCfg = Release|Any CPU
		{99AF672A-70AE-49E0-8F1B-0E4EA0BBFC5E}.Release|Any CPU.Build.0 = Release|Any CPU
	EndGlobalSection
	GlobalSection(SolutionProperties) = preSolution
		HideSolutionNode = FALSE
	EndGlobalSection
	GlobalSection(ExtensibilityGlobals) = postSolution
		SolutionGuid = {61DC7453-C47A-41D1-9622-321856043921}
	EndGlobalSection
EndGlobal
